// !$*UTF8*$!
{
	archiveVersion = 1;
	classes = {
	};
	objectVersion = 50;
	objects = {

/* Begin PBXBuildFile section */
		634AA4B224178AC10072FEDE /* AppDelegate.swift in Sources */ = {isa = PBXBuildFile; fileRef = 634AA4B124178AC10072FEDE /* AppDelegate.swift */; };
		634AA4B424178AC10072FEDE /* SceneDelegate.swift in Sources */ = {isa = PBXBuildFile; fileRef = 634AA4B324178AC10072FEDE /* SceneDelegate.swift */; };
		634AA4B624178AC10072FEDE /* ViewController.swift in Sources */ = {isa = PBXBuildFile; fileRef = 634AA4B524178AC10072FEDE /* ViewController.swift */; };
		634AA4B924178AC10072FEDE /* Main.storyboard in Resources */ = {isa = PBXBuildFile; fileRef = 634AA4B724178AC10072FEDE /* Main.storyboard */; };
		634AA4BB24178AC70072FEDE /* Assets.xcassets in Resources */ = {isa = PBXBuildFile; fileRef = 634AA4BA24178AC70072FEDE /* Assets.xcassets */; };
		634AA4BE24178AC70072FEDE /* LaunchScreen.storyboard in Resources */ = {isa = PBXBuildFile; fileRef = 634AA4BC24178AC70072FEDE /* LaunchScreen.storyboard */; };
/* End PBXBuildFile section */

/* Begin PBXFileReference section */
		634AA4AE24178AC10072FEDE /* CclculatorApp_test.app */ = {isa = PBXFileReference; explicitFileType = wrapper.application; includeInIndex = 0; path = CclculatorApp_test.app; sourceTree = BUILT_PRODUCTS_DIR; };
		634AA4B124178AC10072FEDE /* AppDelegate.swift */ = {isa = PBXFileReference; lastKnownFileType = sourcecode.swift; path = AppDelegate.swift; sourceTree = "<group>"; };
		634AA4B324178AC10072FEDE /* SceneDelegate.swift */ = {isa = PBXFileReference; lastKnownFileType = sourcecode.swift; path = SceneDelegate.swift; sourceTree = "<group>"; };
		634AA4B524178AC10072FEDE /* ViewController.swift */ = {isa = PBXFileReference; lastKnownFileType = sourcecode.swift; path = ViewController.swift; sourceTree = "<group>"; };
		634AA4B824178AC10072FEDE /* Base */ = {isa = PBXFileReference; lastKnownFileType = file.storyboard; name = Base; path = Base.lproj/Main.storyboard; sourceTree = "<group>"; };
		634AA4BA24178AC70072FEDE /* Assets.xcassets */ = {isa = PBXFileReference; lastKnownFileType = folder.assetcatalog; path = Assets.xcassets; sourceTree = "<group>"; };
		634AA4BD24178AC70072FEDE /* Base */ = {isa = PBXFileReference; lastKnownFileType = file.storyboard; name = Base; path = Base.lproj/LaunchScreen.storyboard; sourceTree = "<group>"; };
		634AA4BF24178AC70072FEDE /* Info.plist */ = {isa = PBXFileReference; lastKnownFileType = text.plist.xml; path = Info.plist; sourceTree = "<group>"; };
/* End PBXFileReference section */

/* Begin PBXFrameworksBuildPhase section */
		634AA4AB24178AC10072FEDE /* Frameworks */ = {
			isa = PBXFrameworksBuildPhase;
			buildActionMask = 2147483647;
			files = (
			);
			runOnlyForDeploymentPostprocessing = 0;
		};
/* End PBXFrameworksBuildPhase section */

/* Begin PBXGroup section */
		634AA4A524178AC10072FEDE = {
			isa = PBXGroup;
			children = (
				634AA4B024178AC10072FEDE /* CclculatorApp_test */,
				634AA4AF24178AC10072FEDE /* Products */,
			);
			sourceTree = "<group>";
		};
		634AA4AF24178AC10072FEDE /* Products */ = {
			isa = PBXGroup;
			children = (
				634AA4AE24178AC10072FEDE /* CclculatorApp_test.app */,
			);
			name = Products;
			sourceTree = "<group>";
		};
		634AA4B024178AC10072FEDE /* CclculatorApp_test */ = {
			isa = PBXGroup;
			children = (
				634AA4B124178AC10072FEDE /* AppDelegate.swift */,
				634AA4B324178AC10072FEDE /* SceneDelegate.swift */,
				634AA4B524178AC10072FEDE /* ViewController.swift */,
				634AA4B724178AC10072FEDE /* Main.storyboard */,
				634AA4BA24178AC70072FEDE /* Assets.xcassets */,
				634AA4BC24178AC70072FEDE /* LaunchScreen.storyboard */,
				634AA4BF24178AC70072FEDE /* Info.plist */,
			);
			path = CclculatorApp_test;
			sourceTree = "<group>";
		};
/* End PBXGroup section */

/* Begin PBXNativeTarget section */
		634AA4AD24178AC10072FEDE /* CclculatorApp_test */ = {
			isa = PBXNativeTarget;
			buildConfigurationList = 634AA4C224178AC70072FEDE /* Build configuration list for PBXNativeTarget "CclculatorApp_test" */;
			buildPhases = (
				634AA4AA24178AC10072FEDE /* Sources */,
				634AA4AB24178AC10072FEDE /* Frameworks */,
				634AA4AC24178AC10072FEDE /* Resources */,
			);
			buildRules = (
			);
			dependencies = (
			);
			name = CclculatorApp_test;
			productName = CclculatorApp_test;
			productReference = 634AA4AE24178AC10072FEDE /* CclculatorApp_test.app */;
			productType = "com.apple.product-type.application";
		};
/* End PBXNativeTarget section */

/* Begin PBXProject section */
		634AA4A624178AC10072FEDE /* Project object */ = {
			isa = PBXProject;
			attributes = {
				LastSwiftUpdateCheck = 1130;
				LastUpgradeCheck = 1130;
				ORGANIZATIONNAME = akira.ono;
				TargetAttributes = {
					634AA4AD24178AC10072FEDE = {
						CreatedOnToolsVersion = 11.3.1;
					};
				};
			};
			buildConfigurationList = 634AA4A924178AC10072FEDE /* Build configuration list for PBXProject "CclculatorApp_test" */;
			compatibilityVersion = "Xcode 9.3";
			developmentRegion = en;
			hasScannedForEncodings = 0;
			knownRegions = (
				en,
				Base,
			);
			mainGroup = 634AA4A524178AC10072FEDE;
			productRefGroup = 634AA4AF24178AC10072FEDE /* Products */;
			projectDirPath = "";
			projectRoot = "";
			targets = (
				634AA4AD24178AC10072FEDE /* CclculatorApp_test */,
			);
		};
/* End PBXProject section */

/* Begin PBXResourcesBuildPhase section */
		634AA4AC24178AC10072FEDE /* Resources */ = {
			isa = PBXResourcesBuildPhase;
			buildActionMask = 2147483647;
			files = (
				634AA4BE24178AC70072FEDE /* LaunchScreen.storyboard in Resources */,
				634AA4BB24178AC70072FEDE /* Assets.xcassets in Resources */,
				634AA4B924178AC10072FEDE /* Main.storyboard in Resources */,
			);
			runOnlyForDeploymentPostprocessing = 0;
		};
/* End PBXResourcesBuildPhase section */

/* Begin PBXSourcesBuildPhase section */
		634AA4AA24178AC10072FEDE /* Sources */ = {
			isa = PBXSourcesBuildPhase;
			buildActionMask = 2147483647;
			files = (
				634AA4B624178AC10072FEDE /* ViewController.swift in Sources */,
				634AA4B224178AC10072FEDE /* AppDelegate.swift in Sources */,
				634AA4B424178AC10072FEDE /* SceneDelegate.swift in Sources */,
			);
			runOnlyForDeploymentPostprocessing = 0;
		};
/* End PBXSourcesBuildPhase section */

/* Begin PBXVariantGroup section */
		634AA4B724178AC10072FEDE /* Main.storyboard */ = {
			isa = PBXVariantGroup;
			children = (
				634AA4B824178AC10072FEDE /* Base */,
			);
			name = Main.storyboard;
			sourceTree = "<group>";
		};
		634AA4BC24178AC70072FEDE /* LaunchScreen.storyboard */ = {
			isa = PBXVariantGroup;
			children = (
				634AA4BD24178AC70072FEDE /* Base */,
			);
			name = LaunchScreen.storyboard;
			sourceTree = "<group>";
		};
/* End PBXVariantGroup section */

/* Begin XCBuildConfiguration section */
		634AA4C024178AC70072FEDE /* Debug */ = {
			isa = XCBuildConfiguration;
			buildSettings = {
				ALWAYS_SEARCH_USER_PATHS = NO;
				CLANG_ANALYZER_NONNULL = YES;
				CLANG_ANALYZER_NUMBER_OBJECT_CONVERSION = YES_AGGRESSIVE;
				CLANG_CXX_LANGUAGE_STANDARD = "gnu++14";
				CLANG_CXX_LIBRARY = "libc++";
				CLANG_ENABLE_MODULES = YES;
				CLANG_ENABLE_OBJC_ARC = YES;
				CLANG_ENABLE_OBJC_WEAK = YES;
				CLANG_WARN_BLOCK_CAPTURE_AUTORELEASING = YES;
				CLANG_WARN_BOOL_CONVERSION = YES;
				CLANG_WARN_COMMA = YES;
				CLANG_WARN_CONSTANT_CONVERSION = YES;
				CLANG_WARN_DEPRECATED_OBJC_IMPLEMENTATIONS = YES;
				CLANG_WARN_DIRECT_OBJC_ISA_USAGE = YES_ERROR;
				CLANG_WARN_DOCUMENTATION_COMMENTS = YES;
				CLANG_WARN_EMPTY_BODY = YES;
				CLANG_WARN_ENUM_CONVERSION = YES;
				CLANG_WARN_INFINITE_RECURSION = YES;
				CLANG_WARN_INT_CONVERSION = YES;
				CLANG_WARN_NON_LITERAL_NULL_CONVERSION = YES;
				CLANG_WARN_OBJC_IMPLICIT_RETAIN_SELF = YES;
				CLANG_WARN_OBJC_LITERAL_CONVERSION = YES;
				CLANG_WARN_OBJC_ROOT_CLASS = YES_ERROR;
				CLANG_WARN_RANGE_LOOP_ANALYSIS = YES;
				CLANG_WARN_STRICT_PROTOTYPES = YES;
				CLANG_WARN_SUSPICIOUS_MOVE = YES;
				CLANG_WARN_UNGUARDED_AVAILABILITY = YES_AGGRESSIVE;
				CLANG_WARN_UNREACHABLE_CODE = YES;
				CLANG_WARN__DUPLICATE_METHOD_MATCH = YES;
				COPY_PHASE_STRIP = NO;
				DEBUG_INFORMATION_FORMAT = dwarf;
				ENABLE_STRICT_OBJC_MSGSEND = YES;
				ENABLE_TESTABILITY = YES;
				GCC_C_LANGUAGE_STANDARD = gnu11;
				GCC_DYNAMIC_NO_PIC = NO;
				GCC_NO_COMMON_BLOCKS = YES;
				GCC_OPTIMIZATION_LEVEL = 0;
				GCC_PREPROCESSOR_DEFINITIONS = (
					"DEBUG=1",
					"$(inherited)",
				);
				GCC_WARN_64_TO_32_BIT_CONVERSION = YES;
				GCC_WARN_ABOUT_RETURN_TYPE = YES_ERROR;
				GCC_WARN_UNDECLARED_SELECTOR = YES;
				GCC_WARN_UNINITIALIZED_AUTOS = YES_AGGRESSIVE;
				GCC_WARN_UNUSED_FUNCTION = YES;
				GCC_WARN_UNUSED_VARIABLE = YES;
				IPHONEOS_DEPLOYMENT_TARGET = 13.2;
				MTL_ENABLE_DEBUG_INFO = INCLUDE_SOURCE;
				MTL_FAST_MATH = YES;
				ONLY_ACTIVE_ARCH = YES;
				SDKROOT = iphoneos;
				SWIFT_ACTIVE_COMPILATION_CONDITIONS = DEBUG;
				SWIFT_OPTIMIZATION_LEVEL = "-Onone";
			};
			name = Debug;
		};
		634AA4C124178AC70072FEDE /* Release */ = {
			isa = XCBuildConfiguration;
			buildSettings = {
				ALWAYS_SEARCH_USER_PATHS = NO;
				CLANG_ANALYZER_NONNULL = YES;
				CLANG_ANALYZER_NUMBER_OBJECT_CONVERSION = YES_AGGRESSIVE;
				CLANG_CXX_LANGUAGE_STANDARD = "gnu++14";
				CLANG_CXX_LIBRARY = "libc++";
				CLANG_ENABLE_MODULES = YES;
				CLANG_ENABLE_OBJC_ARC = YES;
				CLANG_ENABLE_OBJC_WEAK = YES;
				CLANG_WARN_BLOCK_CAPTURE_AUTORELEASING = YES;
				CLANG_WARN_BOOL_CONVERSION = YES;
				CLANG_WARN_COMMA = YES;
				CLANG_WARN_CONSTANT_CONVERSION = YES;
				CLANG_WARN_DEPRECATED_OBJC_IMPLEMENTATIONS = YES;
				CLANG_WARN_DIRECT_OBJC_ISA_USAGE = YES_ERROR;
				CLANG_WARN_DOCUMENTATION_COMMENTS = YES;
				CLANG_WARN_EMPTY_BODY = YES;
				CLANG_WARN_ENUM_CONVERSION = YES;
				CLANG_WARN_INFINITE_RECURSION = YES;
				CLANG_WARN_INT_CONVERSION = YES;
				CLANG_WARN_NON_LITERAL_NULL_CONVERSION = YES;
				CLANG_WARN_OBJC_IMPLICIT_RETAIN_SELF = YES;
				CLANG_WARN_OBJC_LITERAL_CONVERSION = YES;
				CLANG_WARN_OBJC_ROOT_CLASS = YES_ERROR;
				CLANG_WARN_RANGE_LOOP_ANALYSIS = YES;
				CLANG_WARN_STRICT_PROTOTYPES = YES;
				CLANG_WARN_SUSPICIOUS_MOVE = YES;
				CLANG_WARN_UNGUARDED_AVAILABILITY = YES_AGGRESSIVE;
				CLANG_WARN_UNREACHABLE_CODE = YES;
				CLANG_WARN__DUPLICATE_METHOD_MATCH = YES;
				COPY_PHASE_STRIP = NO;
				DEBUG_INFORMATION_FORMAT = "dwarf-with-dsym";
				ENABLE_NS_ASSERTIONS = NO;
				ENABLE_STRICT_OBJC_MSGSEND = YES;
				GCC_C_LANGUAGE_STANDARD = gnu11;
				GCC_NO_COMMON_BLOCKS = YES;
				GCC_WARN_64_TO_32_BIT_CONVERSION = YES;
				GCC_WARN_ABOUT_RETURN_TYPE = YES_ERROR;
				GCC_WARN_UNDECLARED_SELECTOR = YES;
				GCC_WARN_UNINITIALIZED_AUTOS = YES_AGGRESSIVE;
				GCC_WARN_UNUSED_FUNCTION = YES;
				GCC_WARN_UNUSED_VARIABLE = YES;
				IPHONEOS_DEPLOYMENT_TARGET = 13.2;
				MTL_ENABLE_DEBUG_INFO = NO;
				MTL_FAST_MATH = YES;
				SDKROOT = iphoneos;
				SWIFT_COMPILATION_MODE = wholemodule;
				SWIFT_OPTIMIZATION_LEVEL = "-O";
				VALIDATE_PRODUCT = YES;
			};
			name = Release;
		};
		634AA4C324178AC70072FEDE /* Debug */ = {
			isa = XCBuildConfiguration;
			buildSettings = {
				ASSETCATALOG_COMPILER_APPICON_NAME = AppIcon;
				CODE_SIGN_STYLE = Automatic;
				INFOPLIST_FILE = CclculatorApp_test/Info.plist;
				LD_RUNPATH_SEARCH_PATHS = (
					"$(inherited)",
					"@executable_path/Frameworks",
				);
				PRODUCT_BUNDLE_IDENTIFIER = "com.akiraono.CclculatorApp-test";
				PRODUCT_NAME = "$(TARGET_NAME)";
				SWIFT_VERSION = 5.0;
				TARGETED_DEVICE_FAMILY = "1,2";
			};
			name = Debug;
		};
		634AA4C424178AC70072FEDE /* Release */ = {
			isa = XCBuildConfiguration;
			buildSettings = {
				ASSETCATALOG_COMPILER_APPICON_NAME = AppIcon;
				CODE_SIGN_STYLE = Automatic;
				INFOPLIST_FILE = CclculatorApp_test/Info.plist;
				LD_RUNPATH_SEARCH_PATHS = (
					"$(inherited)",
					"@executable_path/Frameworks",
				);
				PRODUCT_BUNDLE_IDENTIFIER = "com.akiraono.CclculatorApp-test";
				PRODUCT_NAME = "$(TARGET_NAME)";
				SWIFT_VERSION = 5.0;
				TARGETED_DEVICE_FAMILY = "1,2";
			};
			name = Release;
		};
/* End XCBuildConfiguration section */

/* Begin XCConfigurationList section */
		634AA4A924178AC10072FEDE /* Build configuration list for PBXProject "CclculatorApp_test" */ = {
			isa = XCConfigurationList;
			buildConfigurations = (
				634AA4C024178AC70072FEDE /* Debug */,
				634AA4C124178AC70072FEDE /* Release */,
			);
			defaultConfigurationIsVisible = 0;
			defaultConfigurationName = Release;
		};
		634AA4C224178AC70072FEDE /* Build configuration list for PBXNativeTarget "CclculatorApp_test" */ = {
			isa = XCConfigurationList;
			buildConfigurations = (
				634AA4C324178AC70072FEDE /* Debug */,
				634AA4C424178AC70072FEDE /* Release */,
			);
			defaultConfigurationIsVisible = 0;
			defaultConfigurationName = Release;
		};
/* End XCConfigurationList section */
	};
	rootObject = 634AA4A624178AC10072FEDE /* Project object */;
}
